
Microsoft Visual Studio Solution File, Format Version 12.00
# Visual Studio Version 17
VisualStudioVersion = 17.5.33502.453
MinimumVisualStudioVersion = 10.0.40219.1
Project("{9A19103F-16F7-4668-BE54-9A1E7A4F7556}") = "OOP.Constructor", "OOP.Constructor\OOP.Constructor.csproj", "{5CF7EE8A-FB39-4DB3-9261-CB573EC04BBD}"
EndProject
Project("{9A19103F-16F7-4668-BE54-9A1E7A4F7556}") = "OOP.ConstructorWithParameters", "OOP.ConstructorWithParameters\OOP.ConstructorWithParameters.csproj", "{C8C21CE4-8302-43FA-ABC5-27E08609A883}"
EndProject
Global
	GlobalSection(SolutionConfigurationPlatforms) = preSolution
		Debug|Any CPU = Debug|Any CPU
		Release|Any CPU = Release|Any CPU
	EndGlobalSection
	GlobalSection(ProjectConfigurationPlatforms) = postSolution
		{5CF7EE8A-FB39-4DB3-9261-CB573EC04BBD}.Debug|Any CPU.ActiveCfg = Debug|Any CPU
		{5CF7EE8A-FB39-4DB3-9261-CB573EC04BBD}.Debug|Any CPU.Build.0 = Debug|Any CPU
		{5CF7EE8A-FB39-4DB3-9261-CB573EC04BBD}.Release|Any CPU.ActiveCfg = Release|Any CPU
		{5CF7EE8A-FB39-4DB3-9261-CB573EC04BBD}.Release|Any CPU.Build.0 = Release|Any CPU
		{C8C21CE4-8302-43FA-ABC5-27E08609A883}.Debug|Any CPU.ActiveCfg = Debug|Any CPU
		{C8C21CE4-8302-43FA-ABC5-27E08609A883}.Debug|Any CPU.Build.0 = Debug|Any CPU
		{C8C21CE4-8302-43FA-ABC5-27E08609A883}.Release|Any CPU.ActiveCfg = Release|Any CPU
		{C8C21CE4-8302-43FA-ABC5-27E08609A883}.Release|Any CPU.Build.0 = Release|Any CPU
	EndGlobalSection
	GlobalSection(SolutionProperties) = preSolution
		HideSolutionNode = FALSE
	EndGlobalSection
	GlobalSection(ExtensibilityGlobals) = postSolution
		SolutionGuid = {DEB88E4A-222F-48F6-919B-73D27DC9666D}
	EndGlobalSection
EndGlobal
